
Microsoft Visual Studio Solution File, Format Version 12.00
# Visual Studio Version 16
VisualStudioVersion = 16.0.29613.14
MinimumVisualStudioVersion = 10.0.40219.1
Project("{9A19103F-16F7-4668-BE54-9A1E7A4F7556}") = "BulkyBook", "BulkyBook\BulkyBook.csproj", "{F6FD59C8-DABF-4979-9C2E-544291616794}"
EndProject
Project("{FAE04EC0-301F-11D3-BF4B-00C04F79EFBC}") = "BulkyBook.DataAccess", "BulkyBook.DataAccess\BulkyBook.DataAccess.csproj", "{2071A385-9504-4748-A4C2-9B083DEEDF8E}"
EndProject
Project("{FAE04EC0-301F-11D3-BF4B-00C04F79EFBC}") = "BulkyBook.Models", "BulkyBook.Models\BulkyBook.Models.csproj", "{36DBACC3-90C0-44D3-AB0D-28D01626FF0B}"
EndProject
Project("{FAE04EC0-301F-11D3-BF4B-00C04F79EFBC}") = "BulkyBook.Utility", "BulkyBook.Utility\BulkyBook.Utility.csproj", "{BDB24F57-B77B-4BA4-8B21-35D4779B0CF9}"
EndProject
Global
	GlobalSection(SolutionConfigurationPlatforms) = preSolution
		Debug|Any CPU = Debug|Any CPU
		Release|Any CPU = Release|Any CPU
	EndGlobalSection
	GlobalSection(ProjectConfigurationPlatforms) = postSolution
		{F6FD59C8-DABF-4979-9C2E-544291616794}.Debug|Any CPU.ActiveCfg = Debug|Any CPU
		{F6FD59C8-DABF-4979-9C2E-544291616794}.Debug|Any CPU.Build.0 = Debug|Any CPU
		{F6FD59C8-DABF-4979-9C2E-544291616794}.Release|Any CPU.ActiveCfg = Release|Any CPU
		{F6FD59C8-DABF-4979-9C2E-544291616794}.Release|Any CPU.Build.0 = Release|Any CPU
		{2071A385-9504-4748-A4C2-9B083DEEDF8E}.Debug|Any CPU.ActiveCfg = Debug|Any CPU
		{2071A385-9504-4748-A4C2-9B083DEEDF8E}.Debug|Any CPU.Build.0 = Debug|Any CPU
		{2071A385-9504-4748-A4C2-9B083DEEDF8E}.Release|Any CPU.ActiveCfg = Release|Any CPU
		{2071A385-9504-4748-A4C2-9B083DEEDF8E}.Release|Any CPU.Build.0 = Release|Any CPU
		{36DBACC3-90C0-44D3-AB0D-28D01626FF0B}.Debug|Any CPU.ActiveCfg = Debug|Any CPU
		{36DBACC3-90C0-44D3-AB0D-28D01626FF0B}.Debug|Any CPU.Build.0 = Debug|Any CPU
		{36DBACC3-90C0-44D3-AB0D-28D01626FF0B}.Release|Any CPU.ActiveCfg = Release|Any CPU
		{36DBACC3-90C0-44D3-AB0D-28D01626FF0B}.Release|Any CPU.Build.0 = Release|Any CPU
		{BDB24F57-B77B-4BA4-8B21-35D4779B0CF9}.Debug|Any CPU.ActiveCfg = Debug|Any CPU
		{BDB24F57-B77B-4BA4-8B21-35D4779B0CF9}.Debug|Any CPU.Build.0 = Debug|Any CPU
		{BDB24F57-B77B-4BA4-8B21-35D4779B0CF9}.Release|Any CPU.ActiveCfg = Release|Any CPU
		{BDB24F57-B77B-4BA4-8B21-35D4779B0CF9}.Release|Any CPU.Build.0 = Release|Any CPU
	EndGlobalSection
	GlobalSection(SolutionProperties) = preSolution
		HideSolutionNode = FALSE
	EndGlobalSection
	GlobalSection(ExtensibilityGlobals) = postSolution
		SolutionGuid = {0333BAA3-9517-4BFB-B0AC-34B1EA88D1ED}
	EndGlobalSection
EndGlobal
